
Microsoft Visual Studio Solution File, Format Version 12.00
# Visual Studio 15
VisualStudioVersion = 15.0.27428.2015
MinimumVisualStudioVersion = 10.0.40219.1
Project("{8BC9CEB8-8B4A-11D0-8D11-00A0C91BC942}") = "백준 - StronglyConnectedComponent", "백준 - StronglyConnectedComponent\백준 - StronglyConnectedComponent.vcxproj", "{DDDC69A1-E44F-45FF-B442-A9289398DBE5}"
EndProject
Global
	GlobalSection(SolutionConfigurationPlatforms) = preSolution
		Debug|x64 = Debug|x64
		Debug|x86 = Debug|x86
		Release|x64 = Release|x64
		Release|x86 = Release|x86
	EndGlobalSection
	GlobalSection(ProjectConfigurationPlatforms) = postSolution
		{DDDC69A1-E44F-45FF-B442-A9289398DBE5}.Debug|x64.ActiveCfg = Debug|x64
		{DDDC69A1-E44F-45FF-B442-A9289398DBE5}.Debug|x64.Build.0 = Debug|x64
		{DDDC69A1-E44F-45FF-B442-A9289398DBE5}.Debug|x86.ActiveCfg = Debug|Win32
		{DDDC69A1-E44F-45FF-B442-A9289398DBE5}.Debug|x86.Build.0 = Debug|Win32
		{DDDC69A1-E44F-45FF-B442-A9289398DBE5}.Release|x64.ActiveCfg = Release|x64
		{DDDC69A1-E44F-45FF-B442-A9289398DBE5}.Release|x64.Build.0 = Release|x64
		{DDDC69A1-E44F-45FF-B442-A9289398DBE5}.Release|x86.ActiveCfg = Release|Win32
		{DDDC69A1-E44F-45FF-B442-A9289398DBE5}.Release|x86.Build.0 = Release|Win32
	EndGlobalSection
	GlobalSection(SolutionProperties) = preSolution
		HideSolutionNode = FALSE
	EndGlobalSection
	GlobalSection(ExtensibilityGlobals) = postSolution
		SolutionGuid = {479C1E18-B9F9-409C-AAD5-D88961D05B22}
	EndGlobalSection
EndGlobal
