
Microsoft Visual Studio Solution File, Format Version 12.00
# Visual Studio 15
VisualStudioVersion = 15.0.27428.2015
MinimumVisualStudioVersion = 10.0.40219.1
Project("{888888A0-9F3D-457C-B088-3A5042F75D52}") = "백준 - 정ㅋ벅ㅋ(1237)", "백준 - 정ㅋ벅ㅋ(1237)\백준 - 정ㅋ벅ㅋ(1237).pyproj", "{75E04E62-4EEF-488F-89BE-D387332A7B71}"
EndProject
Global
	GlobalSection(SolutionConfigurationPlatforms) = preSolution
		Debug|Any CPU = Debug|Any CPU
		Release|Any CPU = Release|Any CPU
	EndGlobalSection
	GlobalSection(ProjectConfigurationPlatforms) = postSolution
		{75E04E62-4EEF-488F-89BE-D387332A7B71}.Debug|Any CPU.ActiveCfg = Debug|Any CPU
		{75E04E62-4EEF-488F-89BE-D387332A7B71}.Release|Any CPU.ActiveCfg = Release|Any CPU
	EndGlobalSection
	GlobalSection(SolutionProperties) = preSolution
		HideSolutionNode = FALSE
	EndGlobalSection
	GlobalSection(ExtensibilityGlobals) = postSolution
		SolutionGuid = {42A1B53E-9F64-44C9-AFF0-67FA99BBCD06}
	EndGlobalSection
EndGlobal
