
Microsoft Visual Studio Solution File, Format Version 12.00
# Visual Studio 15
VisualStudioVersion = 15.0.27428.2015
MinimumVisualStudioVersion = 10.0.40219.1
Project("{888888A0-9F3D-457C-B088-3A5042F75D52}") = "백준 - 사파리월드(2420)", "백준 - 사파리월드(2420)\백준 - 사파리월드(2420).pyproj", "{BA2927D4-5E87-4CD6-8A53-E88D2E82A78D}"
EndProject
Global
	GlobalSection(SolutionConfigurationPlatforms) = preSolution
		Debug|Any CPU = Debug|Any CPU
		Release|Any CPU = Release|Any CPU
	EndGlobalSection
	GlobalSection(ProjectConfigurationPlatforms) = postSolution
		{BA2927D4-5E87-4CD6-8A53-E88D2E82A78D}.Debug|Any CPU.ActiveCfg = Debug|Any CPU
		{BA2927D4-5E87-4CD6-8A53-E88D2E82A78D}.Release|Any CPU.ActiveCfg = Release|Any CPU
	EndGlobalSection
	GlobalSection(SolutionProperties) = preSolution
		HideSolutionNode = FALSE
	EndGlobalSection
	GlobalSection(ExtensibilityGlobals) = postSolution
		SolutionGuid = {E6268557-F9F7-4D98-B0AB-740C1C864BBE}
	EndGlobalSection
EndGlobal
