
Microsoft Visual Studio Solution File, Format Version 12.00
# Visual Studio 15
VisualStudioVersion = 15.0.27428.2015
MinimumVisualStudioVersion = 10.0.40219.1
Project("{8BC9CEB8-8B4A-11D0-8D11-00A0C91BC942}") = "백준 - 퇴사(14501)", "백준 - 퇴사(14501)\백준 - 퇴사(14501).vcxproj", "{454A8389-575A-4614-AF86-AA0C22B6C420}"
EndProject
Global
	GlobalSection(SolutionConfigurationPlatforms) = preSolution
		Debug|x64 = Debug|x64
		Debug|x86 = Debug|x86
		Release|x64 = Release|x64
		Release|x86 = Release|x86
	EndGlobalSection
	GlobalSection(ProjectConfigurationPlatforms) = postSolution
		{454A8389-575A-4614-AF86-AA0C22B6C420}.Debug|x64.ActiveCfg = Debug|x64
		{454A8389-575A-4614-AF86-AA0C22B6C420}.Debug|x64.Build.0 = Debug|x64
		{454A8389-575A-4614-AF86-AA0C22B6C420}.Debug|x86.ActiveCfg = Debug|Win32
		{454A8389-575A-4614-AF86-AA0C22B6C420}.Debug|x86.Build.0 = Debug|Win32
		{454A8389-575A-4614-AF86-AA0C22B6C420}.Release|x64.ActiveCfg = Release|x64
		{454A8389-575A-4614-AF86-AA0C22B6C420}.Release|x64.Build.0 = Release|x64
		{454A8389-575A-4614-AF86-AA0C22B6C420}.Release|x86.ActiveCfg = Release|Win32
		{454A8389-575A-4614-AF86-AA0C22B6C420}.Release|x86.Build.0 = Release|Win32
	EndGlobalSection
	GlobalSection(SolutionProperties) = preSolution
		HideSolutionNode = FALSE
	EndGlobalSection
	GlobalSection(ExtensibilityGlobals) = postSolution
		SolutionGuid = {D71A018B-7A20-4DD5-9968-8F632E5384D9}
	EndGlobalSection
EndGlobal
