
Microsoft Visual Studio Solution File, Format Version 12.00
# Visual Studio 15
VisualStudioVersion = 15.0.27428.2015
MinimumVisualStudioVersion = 10.0.40219.1
Project("{888888A0-9F3D-457C-B088-3A5042F75D52}") = "백준 - 사칙연산(10869)", "백준 - 사칙연산(10869)\백준 - 사칙연산(10869).pyproj", "{46435C1B-2BBB-43BD-908E-9B995D7C915B}"
EndProject
Global
	GlobalSection(SolutionConfigurationPlatforms) = preSolution
		Debug|Any CPU = Debug|Any CPU
		Release|Any CPU = Release|Any CPU
	EndGlobalSection
	GlobalSection(ProjectConfigurationPlatforms) = postSolution
		{46435C1B-2BBB-43BD-908E-9B995D7C915B}.Debug|Any CPU.ActiveCfg = Debug|Any CPU
		{46435C1B-2BBB-43BD-908E-9B995D7C915B}.Release|Any CPU.ActiveCfg = Release|Any CPU
	EndGlobalSection
	GlobalSection(SolutionProperties) = preSolution
		HideSolutionNode = FALSE
	EndGlobalSection
	GlobalSection(ExtensibilityGlobals) = postSolution
		SolutionGuid = {5403C4F3-9E4C-4DE1-8DA4-8696AA0F0CD7}
	EndGlobalSection
EndGlobal
