
Microsoft Visual Studio Solution File, Format Version 12.00
# Visual Studio 15
VisualStudioVersion = 15.0.27428.2015
MinimumVisualStudioVersion = 10.0.40219.1
Project("{8BC9CEB8-8B4A-11D0-8D11-00A0C91BC942}") = "백준 - 소용돌이 예쁘게 출력하기(1022)", "백준 - 소용돌이 예쁘게 출력하기(1022)\백준 - 소용돌이 예쁘게 출력하기(1022).vcxproj", "{B65B46EF-D886-47B8-A9F0-03F1485D288F}"
EndProject
Global
	GlobalSection(SolutionConfigurationPlatforms) = preSolution
		Debug|x64 = Debug|x64
		Debug|x86 = Debug|x86
		Release|x64 = Release|x64
		Release|x86 = Release|x86
	EndGlobalSection
	GlobalSection(ProjectConfigurationPlatforms) = postSolution
		{B65B46EF-D886-47B8-A9F0-03F1485D288F}.Debug|x64.ActiveCfg = Debug|x64
		{B65B46EF-D886-47B8-A9F0-03F1485D288F}.Debug|x64.Build.0 = Debug|x64
		{B65B46EF-D886-47B8-A9F0-03F1485D288F}.Debug|x86.ActiveCfg = Debug|Win32
		{B65B46EF-D886-47B8-A9F0-03F1485D288F}.Debug|x86.Build.0 = Debug|Win32
		{B65B46EF-D886-47B8-A9F0-03F1485D288F}.Release|x64.ActiveCfg = Release|x64
		{B65B46EF-D886-47B8-A9F0-03F1485D288F}.Release|x64.Build.0 = Release|x64
		{B65B46EF-D886-47B8-A9F0-03F1485D288F}.Release|x86.ActiveCfg = Release|Win32
		{B65B46EF-D886-47B8-A9F0-03F1485D288F}.Release|x86.Build.0 = Release|Win32
	EndGlobalSection
	GlobalSection(SolutionProperties) = preSolution
		HideSolutionNode = FALSE
	EndGlobalSection
	GlobalSection(ExtensibilityGlobals) = postSolution
		SolutionGuid = {32E91357-7F7B-443A-9A0A-FA47D4333DD2}
	EndGlobalSection
EndGlobal
